Microsoft Visual Studio Solution File, Format Version 12.00
# Visual Studio 2013
Project("{8BC9CEB8-8B4A-11D0-8D11-00A0C91BC942}") = "ALL_BUILD", "ALL_BUILD.vcxproj", "{AFCD73EC-1205-4206-82E9-A817F1A9524B}"
	ProjectSection(ProjectDependencies) = postProject
		{0C041A8A-54AA-4D9C-9D4A-E2696BAC7F7C} = {0C041A8A-54AA-4D9C-9D4A-E2696BAC7F7C}
		{35AAD695-2FDA-448A-92EE-4C59C174C1E0} = {35AAD695-2FDA-448A-92EE-4C59C174C1E0}
		{97EC9683-2925-4AEA-8E53-FCF4CB714F0B} = {97EC9683-2925-4AEA-8E53-FCF4CB714F0B}
		{6751712A-5554-4128-A1AD-FDB1469FFD21} = {6751712A-5554-4128-A1AD-FDB1469FFD21}
	EndProjectSection
EndProject
Project("{8BC9CEB8-8B4A-11D0-8D11-00A0C91BC942}") = "ZERO_CHECK", "ZERO_CHECK.vcxproj", "{0C041A8A-54AA-4D9C-9D4A-E2696BAC7F7C}"
	ProjectSection(ProjectDependencies) = postProject
	EndProjectSection
EndProject
Project("{8BC9CEB8-8B4A-11D0-8D11-00A0C91BC942}") = "akaze", "akaze.vcxproj", "{35AAD695-2FDA-448A-92EE-4C59C174C1E0}"
	ProjectSection(ProjectDependencies) = postProject
		{0C041A8A-54AA-4D9C-9D4A-E2696BAC7F7C} = {0C041A8A-54AA-4D9C-9D4A-E2696BAC7F7C}
	EndProjectSection
EndProject
Project("{8BC9CEB8-8B4A-11D0-8D11-00A0C91BC942}") = "csfm", "csfm.vcxproj", "{97EC9683-2925-4AEA-8E53-FCF4CB714F0B}"
	ProjectSection(ProjectDependencies) = postProject
		{0C041A8A-54AA-4D9C-9D4A-E2696BAC7F7C} = {0C041A8A-54AA-4D9C-9D4A-E2696BAC7F7C}
		{35AAD695-2FDA-448A-92EE-4C59C174C1E0} = {35AAD695-2FDA-448A-92EE-4C59C174C1E0}
		{6751712A-5554-4128-A1AD-FDB1469FFD21} = {6751712A-5554-4128-A1AD-FDB1469FFD21}
	EndProjectSection
EndProject
Project("{8BC9CEB8-8B4A-11D0-8D11-00A0C91BC942}") = "vl", "vl.vcxproj", "{6751712A-5554-4128-A1AD-FDB1469FFD21}"
	ProjectSection(ProjectDependencies) = postProject
		{0C041A8A-54AA-4D9C-9D4A-E2696BAC7F7C} = {0C041A8A-54AA-4D9C-9D4A-E2696BAC7F7C}
	EndProjectSection
EndProject
Global
	GlobalSection(SolutionConfigurationPlatforms) = preSolution
		Debug|x64 = Debug|x64
		Release|x64 = Release|x64
		MinSizeRel|x64 = MinSizeRel|x64
		RelWithDebInfo|x64 = RelWithDebInfo|x64
	EndGlobalSection
	GlobalSection(ProjectConfigurationPlatforms) = postSolution
		{AFCD73EC-1205-4206-82E9-A817F1A9524B}.Debug|x64.ActiveCfg = Debug|x64
		{AFCD73EC-1205-4206-82E9-A817F1A9524B}.Release|x64.ActiveCfg = Release|x64
		{AFCD73EC-1205-4206-82E9-A817F1A9524B}.MinSizeRel|x64.ActiveCfg = MinSizeRel|x64
		{AFCD73EC-1205-4206-82E9-A817F1A9524B}.RelWithDebInfo|x64.ActiveCfg = RelWithDebInfo|x64
		{0C041A8A-54AA-4D9C-9D4A-E2696BAC7F7C}.Debug|x64.ActiveCfg = Debug|x64
		{0C041A8A-54AA-4D9C-9D4A-E2696BAC7F7C}.Debug|x64.Build.0 = Debug|x64
		{0C041A8A-54AA-4D9C-9D4A-E2696BAC7F7C}.Release|x64.ActiveCfg = Release|x64
		{0C041A8A-54AA-4D9C-9D4A-E2696BAC7F7C}.Release|x64.Build.0 = Release|x64
		{0C041A8A-54AA-4D9C-9D4A-E2696BAC7F7C}.MinSizeRel|x64.ActiveCfg = MinSizeRel|x64
		{0C041A8A-54AA-4D9C-9D4A-E2696BAC7F7C}.MinSizeRel|x64.Build.0 = MinSizeRel|x64
		{0C041A8A-54AA-4D9C-9D4A-E2696BAC7F7C}.RelWithDebInfo|x64.ActiveCfg = RelWithDebInfo|x64
		{0C041A8A-54AA-4D9C-9D4A-E2696BAC7F7C}.RelWithDebInfo|x64.Build.0 = RelWithDebInfo|x64
		{35AAD695-2FDA-448A-92EE-4C59C174C1E0}.Debug|x64.ActiveCfg = Debug|x64
		{35AAD695-2FDA-448A-92EE-4C59C174C1E0}.Debug|x64.Build.0 = Debug|x64
		{35AAD695-2FDA-448A-92EE-4C59C174C1E0}.Release|x64.ActiveCfg = Release|x64
		{35AAD695-2FDA-448A-92EE-4C59C174C1E0}.Release|x64.Build.0 = Release|x64
		{35AAD695-2FDA-448A-92EE-4C59C174C1E0}.MinSizeRel|x64.ActiveCfg = MinSizeRel|x64
		{35AAD695-2FDA-448A-92EE-4C59C174C1E0}.MinSizeRel|x64.Build.0 = MinSizeRel|x64
		{35AAD695-2FDA-448A-92EE-4C59C174C1E0}.RelWithDebInfo|x64.ActiveCfg = RelWithDebInfo|x64
		{35AAD695-2FDA-448A-92EE-4C59C174C1E0}.RelWithDebInfo|x64.Build.0 = RelWithDebInfo|x64
		{97EC9683-2925-4AEA-8E53-FCF4CB714F0B}.Debug|x64.ActiveCfg = Debug|x64
		{97EC9683-2925-4AEA-8E53-FCF4CB714F0B}.Debug|x64.Build.0 = Debug|x64
		{97EC9683-2925-4AEA-8E53-FCF4CB714F0B}.Release|x64.ActiveCfg = Release|x64
		{97EC9683-2925-4AEA-8E53-FCF4CB714F0B}.Release|x64.Build.0 = Release|x64
		{97EC9683-2925-4AEA-8E53-FCF4CB714F0B}.MinSizeRel|x64.ActiveCfg = MinSizeRel|x64
		{97EC9683-2925-4AEA-8E53-FCF4CB714F0B}.MinSizeRel|x64.Build.0 = MinSizeRel|x64
		{97EC9683-2925-4AEA-8E53-FCF4CB714F0B}.RelWithDebInfo|x64.ActiveCfg = RelWithDebInfo|x64
		{97EC9683-2925-4AEA-8E53-FCF4CB714F0B}.RelWithDebInfo|x64.Build.0 = RelWithDebInfo|x64
		{6751712A-5554-4128-A1AD-FDB1469FFD21}.Debug|x64.ActiveCfg = Debug|x64
		{6751712A-5554-4128-A1AD-FDB1469FFD21}.Debug|x64.Build.0 = Debug|x64
		{6751712A-5554-4128-A1AD-FDB1469FFD21}.Release|x64.ActiveCfg = Release|x64
		{6751712A-5554-4128-A1AD-FDB1469FFD21}.Release|x64.Build.0 = Release|x64
		{6751712A-5554-4128-A1AD-FDB1469FFD21}.MinSizeRel|x64.ActiveCfg = MinSizeRel|x64
		{6751712A-5554-4128-A1AD-FDB1469FFD21}.MinSizeRel|x64.Build.0 = MinSizeRel|x64
		{6751712A-5554-4128-A1AD-FDB1469FFD21}.RelWithDebInfo|x64.ActiveCfg = RelWithDebInfo|x64
		{6751712A-5554-4128-A1AD-FDB1469FFD21}.RelWithDebInfo|x64.Build.0 = RelWithDebInfo|x64
	EndGlobalSection
	GlobalSection(ExtensibilityGlobals) = postSolution
	EndGlobalSection
	GlobalSection(ExtensibilityAddIns) = postSolution
	EndGlobalSection
EndGlobal
